
Microsoft Visual Studio Solution File, Format Version 12.00
# Visual Studio Version 16
VisualStudioVersion = 16.0.31005.135
MinimumVisualStudioVersion = 10.0.40219.1
Project("{FAE04EC0-301F-11D3-BF4B-00C04F79EFBC}") = "KlasorKopyalama", "KlasorKopyalama\KlasorKopyalama.csproj", "{E9CB896C-09A7-4192-9652-4504B3678F20}"
EndProject
Global
	GlobalSection(SolutionConfigurationPlatforms) = preSolution
		Debug|Any CPU = Debug|Any CPU
		Release|Any CPU = Release|Any CPU
	EndGlobalSection
	GlobalSection(ProjectConfigurationPlatforms) = postSolution
		{E9CB896C-09A7-4192-9652-4504B3678F20}.Debug|Any CPU.ActiveCfg = Debug|Any CPU
		{E9CB896C-09A7-4192-9652-4504B3678F20}.Debug|Any CPU.Build.0 = Debug|Any CPU
		{E9CB896C-09A7-4192-9652-4504B3678F20}.Release|Any CPU.ActiveCfg = Release|Any CPU
		{E9CB896C-09A7-4192-9652-4504B3678F20}.Release|Any CPU.Build.0 = Release|Any CPU
	EndGlobalSection
	GlobalSection(SolutionProperties) = preSolution
		HideSolutionNode = FALSE
	EndGlobalSection
	GlobalSection(ExtensibilityGlobals) = postSolution
		SolutionGuid = {17DC5297-2D83-42D2-AF7B-C8C1FE4CE664}
	EndGlobalSection
EndGlobal
